// !$*UTF8*$!
{
	archiveVersion = 1;
	classes = {
	};
	objectVersion = 46;
	objects = {

/* Begin PBXBuildFile section */
		7B41503D1C6B9D380032333F /* AppDelegate.swift in Sources */ = {isa = PBXBuildFile; fileRef = 7B41503C1C6B9D380032333F /* AppDelegate.swift */; };
		7B4150441C6B9D380032333F /* Assets.xcassets in Resources */ = {isa = PBXBuildFile; fileRef = 7B4150431C6B9D380032333F /* Assets.xcassets */; };
		7B4150471C6B9D380032333F /* LaunchScreen.storyboard in Resources */ = {isa = PBXBuildFile; fileRef = 7B4150451C6B9D380032333F /* LaunchScreen.storyboard */; };
		7B4150641C6CEB720032333F /* Quick.framework in Frameworks */ = {isa = PBXBuildFile; fileRef = 7B41505E1C6B9FF40032333F /* Quick.framework */; };
		7B4150651C6CEB720032333F /* Nimble.framework in Frameworks */ = {isa = PBXBuildFile; fileRef = 7B41505F1C6B9FF40032333F /* Nimble.framework */; };
		7B4150661C6CEB7C0032333F /* Swinject.framework in Frameworks */ = {isa = PBXBuildFile; fileRef = 7B41505D1C6B9FF40032333F /* Swinject.framework */; };
		7B6AC0A61C712AAB0063F667 /* AppDelegateSpec.swift in Sources */ = {isa = PBXBuildFile; fileRef = 7B6AC0A51C712AAB0063F667 /* AppDelegateSpec.swift */; };
		7B6AC0AC1C74D5E50063F667 /* TestNavigationController.swift in Sources */ = {isa = PBXBuildFile; fileRef = 7B6AC0AB1C74D5E50063F667 /* TestNavigationController.swift */; };
		7B6AC0B91C76253F0063F667 /* VisualTreeWalker.swift in Sources */ = {isa = PBXBuildFile; fileRef = 7B6AC0B81C76253F0063F667 /* VisualTreeWalker.swift */; };
		7B6AC0C71C7A30040063F667 /* Timestamper.swift in Sources */ = {isa = PBXBuildFile; fileRef = 7B6AC0C41C7A30040063F667 /* Timestamper.swift */; };
		7B6AC0C81C7A30040063F667 /* LocalStorageWorker.swift in Sources */ = {isa = PBXBuildFile; fileRef = 7B6AC0C61C7A30040063F667 /* LocalStorageWorker.swift */; };
		7B6AC0CB1C7A30100063F667 /* LocalStorageWorkerSpec.swift in Sources */ = {isa = PBXBuildFile; fileRef = 7B6AC0CA1C7A30100063F667 /* LocalStorageWorkerSpec.swift */; };
		7B6AC0CF1C7A312E0063F667 /* testImage.jpg in Resources */ = {isa = PBXBuildFile; fileRef = 7B6AC0CD1C7A312E0063F667 /* testImage.jpg */; };
		7B6AC0D01C7A312E0063F667 /* testImage.png in Resources */ = {isa = PBXBuildFile; fileRef = 7B6AC0CE1C7A312E0063F667 /* testImage.png */; };
		7B6AC0D61C7A5F9A0063F667 /* SwinjectStoryboardMetadata.swift in Sources */ = {isa = PBXBuildFile; fileRef = 7B6AC0D51C7A5F9A0063F667 /* SwinjectStoryboardMetadata.swift */; };
		7B8E7ECE1C9E0225008BF7B0 /* LiftHistoryIndexBuilder.swift in Sources */ = {isa = PBXBuildFile; fileRef = 7B8E7ECD1C9E0225008BF7B0 /* LiftHistoryIndexBuilder.swift */; };
		7B8E7ED01C9E0324008BF7B0 /* MigrationAgent.swift in Sources */ = {isa = PBXBuildFile; fileRef = 7B8E7ECF1C9E0324008BF7B0 /* MigrationAgent.swift */; };
		7B8E7ED61C9E0495008BF7B0 /* MigrationAgentSpec.swift in Sources */ = {isa = PBXBuildFile; fileRef = 7B8E7ED51C9E0495008BF7B0 /* MigrationAgentSpec.swift */; };
		7B8E7ED81C9E04C3008BF7B0 /* LiftHistoryIndexBuilderSpec.swift in Sources */ = {isa = PBXBuildFile; fileRef = 7B8E7ED71C9E04C3008BF7B0 /* LiftHistoryIndexBuilderSpec.swift */; };
		7BA92C281C9F0F18009A81E3 /* StartupViewController.swift in Sources */ = {isa = PBXBuildFile; fileRef = 7BA92C271C9F0F18009A81E3 /* StartupViewController.swift */; };
		7BA92C2D1C9F0F24009A81E3 /* StartupViewControllerSpec.swift in Sources */ = {isa = PBXBuildFile; fileRef = 7BA92C2B1C9F0F24009A81E3 /* StartupViewControllerSpec.swift */; };
		7BA92C2F1C9F0F6D009A81E3 /* StartupStoryboardMetadata.swift in Sources */ = {isa = PBXBuildFile; fileRef = 7BA92C2E1C9F0F6D009A81E3 /* StartupStoryboardMetadata.swift */; };
		7BA92C311C9F0FCE009A81E3 /* StartupStoryboardMetadataSpec.swift in Sources */ = {isa = PBXBuildFile; fileRef = 7BA92C301C9F0FCE009A81E3 /* StartupStoryboardMetadataSpec.swift */; };
		7BA92C331C9F1343009A81E3 /* Startup.storyboard in Resources */ = {isa = PBXBuildFile; fileRef = 7BA92C321C9F1343009A81E3 /* Startup.storyboard */; };
		7BB01A301CB1984000A511FE /* LiftSaveAgent.swift in Sources */ = {isa = PBXBuildFile; fileRef = 7BB01A2F1CB1984000A511FE /* LiftSaveAgent.swift */; };
		7BB01A321CB1986800A511FE /* LiftSaveAgentSpec.swift in Sources */ = {isa = PBXBuildFile; fileRef = 7BB01A311CB1986800A511FE /* LiftSaveAgentSpec.swift */; };
		7BB01A341CB1B36400A511FE /* LiftLoadAgent.swift in Sources */ = {isa = PBXBuildFile; fileRef = 7BB01A331CB1B36400A511FE /* LiftLoadAgent.swift */; };
		7BB01A361CB1B38600A511FE /* LiftLoadAgentSpec.swift in Sources */ = {isa = PBXBuildFile; fileRef = 7BB01A351CB1B38600A511FE /* LiftLoadAgentSpec.swift */; };
		7BB01A381CB2BAB100A511FE /* LiftDeleteAgentSpec.swift in Sources */ = {isa = PBXBuildFile; fileRef = 7BB01A371CB2BAB100A511FE /* LiftDeleteAgentSpec.swift */; };
		7BB01A3A1CB2BAF500A511FE /* LiftDeleteAgent.swift in Sources */ = {isa = PBXBuildFile; fileRef = 7BB01A391CB2BAF500A511FE /* LiftDeleteAgent.swift */; };
		7BB118A51CAB145D005CC1AF /* LiftCreatorSpec.swift in Sources */ = {isa = PBXBuildFile; fileRef = 7BB118A41CAB145D005CC1AF /* LiftCreatorSpec.swift */; };
		7BB118A81CAB148A005CC1AF /* LiftCreator.swift in Sources */ = {isa = PBXBuildFile; fileRef = 7BB118A71CAB148A005CC1AF /* LiftCreator.swift */; };
		7BB118AA1CAB19F2005CC1AF /* LiftHistoryIndexLoaderSpec.swift in Sources */ = {isa = PBXBuildFile; fileRef = 7BB118A91CAB19F2005CC1AF /* LiftHistoryIndexLoaderSpec.swift */; };
		7BB118AC1CAB1A89005CC1AF /* LiftHistoryIndexLoader.swift in Sources */ = {isa = PBXBuildFile; fileRef = 7BB118AB1CAB1A89005CC1AF /* LiftHistoryIndexLoader.swift */; };
		7BB90D3A1C7E0E46007D365E /* main.swift in Sources */ = {isa = PBXBuildFile; fileRef = 7BB90D391C7E0E46007D365E /* main.swift */; };
		7BB90D3C1C7E10BC007D365E /* TestAppDelegate.swift in Sources */ = {isa = PBXBuildFile; fileRef = 7BB90D3B1C7E10BC007D365E /* TestAppDelegate.swift */; };
		7BB90D671C888F38007D365E /* LiftTableViewHeaderView.xib in Resources */ = {isa = PBXBuildFile; fileRef = 7BB90D661C888F38007D365E /* LiftTableViewHeaderView.xib */; };
		7BB90D821C890A9D007D365E /* Workout.storyboard in Resources */ = {isa = PBXBuildFile; fileRef = 7BB90D6D1C890A9D007D365E /* Workout.storyboard */; };
		7BB90D831C890A9D007D365E /* WorkoutList.storyboard in Resources */ = {isa = PBXBuildFile; fileRef = 7BB90D6E1C890A9D007D365E /* WorkoutList.storyboard */; };
		7BB90D841C890A9D007D365E /* WorkoutListStoryboardMetadata.swift in Sources */ = {isa = PBXBuildFile; fileRef = 7BB90D6F1C890A9D007D365E /* WorkoutListStoryboardMetadata.swift */; };
		7BB90D851C890A9D007D365E /* WorkoutStoryboardMetadata.swift in Sources */ = {isa = PBXBuildFile; fileRef = 7BB90D701C890A9D007D365E /* WorkoutStoryboardMetadata.swift */; };
		7BB90D861C890A9D007D365E /* Lift.swift in Sources */ = {isa = PBXBuildFile; fileRef = 7BB90D721C890A9D007D365E /* Lift.swift */; };
		7BB90D871C890A9D007D365E /* LiftSet.swift in Sources */ = {isa = PBXBuildFile; fileRef = 7BB90D731C890A9D007D365E /* LiftSet.swift */; };
		7BB90D881C890A9D007D365E /* Workout.swift in Sources */ = {isa = PBXBuildFile; fileRef = 7BB90D741C890A9D007D365E /* Workout.swift */; };
		7BB90D891C890A9D007D365E /* LiftEntryFormViewController.swift in Sources */ = {isa = PBXBuildFile; fileRef = 7BB90D761C890A9D007D365E /* LiftEntryFormViewController.swift */; };
		7BB90D8A1C890A9D007D365E /* LiftViewController.swift in Sources */ = {isa = PBXBuildFile; fileRef = 7BB90D771C890A9D007D365E /* LiftViewController.swift */; };
		7BB90D8C1C890A9D007D365E /* WorkoutListViewController.swift in Sources */ = {isa = PBXBuildFile; fileRef = 7BB90D791C890A9D007D365E /* WorkoutListViewController.swift */; };
		7BB90D8D1C890A9D007D365E /* WorkoutViewController.swift in Sources */ = {isa = PBXBuildFile; fileRef = 7BB90D7A1C890A9D007D365E /* WorkoutViewController.swift */; };
		7BB90D8E1C890A9D007D365E /* LiftSetTableViewCell.swift in Sources */ = {isa = PBXBuildFile; fileRef = 7BB90D7C1C890A9D007D365E /* LiftSetTableViewCell.swift */; };
		7BB90D8F1C890A9D007D365E /* LiftSetTableViewCell.xib in Resources */ = {isa = PBXBuildFile; fileRef = 7BB90D7D1C890A9D007D365E /* LiftSetTableViewCell.xib */; };
		7BB90D901C890A9D007D365E /* WorkoutLiftTableViewCell.swift in Sources */ = {isa = PBXBuildFile; fileRef = 7BB90D7E1C890A9D007D365E /* WorkoutLiftTableViewCell.swift */; };
		7BB90D911C890A9D007D365E /* WorkoutLiftTableViewCell.xib in Resources */ = {isa = PBXBuildFile; fileRef = 7BB90D7F1C890A9D007D365E /* WorkoutLiftTableViewCell.xib */; };
		7BB90D921C890A9D007D365E /* WorkoutListTableViewCell.swift in Sources */ = {isa = PBXBuildFile; fileRef = 7BB90D801C890A9D007D365E /* WorkoutListTableViewCell.swift */; };
		7BB90D931C890A9D007D365E /* WorkoutListTableViewCell.xib in Resources */ = {isa = PBXBuildFile; fileRef = 7BB90D811C890A9D007D365E /* WorkoutListTableViewCell.xib */; };
		7BB90DA51C890AAA007D365E /* WorkoutListStoryboardMetadataSpec.swift in Sources */ = {isa = PBXBuildFile; fileRef = 7BB90D951C890AAA007D365E /* WorkoutListStoryboardMetadataSpec.swift */; };
		7BB90DA61C890AAA007D365E /* WorkoutStoryboardMetadataSpec.swift in Sources */ = {isa = PBXBuildFile; fileRef = 7BB90D961C890AAA007D365E /* WorkoutStoryboardMetadataSpec.swift */; };
		7BB90DA71C890AAA007D365E /* LiftSetSpec.swift in Sources */ = {isa = PBXBuildFile; fileRef = 7BB90D981C890AAA007D365E /* LiftSetSpec.swift */; };
		7BB90DA81C890AAA007D365E /* LiftSpec.swift in Sources */ = {isa = PBXBuildFile; fileRef = 7BB90D991C890AAA007D365E /* LiftSpec.swift */; };
		7BB90DA91C890AAA007D365E /* WorkoutSpec.swift in Sources */ = {isa = PBXBuildFile; fileRef = 7BB90D9A1C890AAA007D365E /* WorkoutSpec.swift */; };
		7BB90DAA1C890AAA007D365E /* LiftEntryFormViewControllerSpec.swift in Sources */ = {isa = PBXBuildFile; fileRef = 7BB90D9C1C890AAA007D365E /* LiftEntryFormViewControllerSpec.swift */; };
		7BB90DAB1C890AAA007D365E /* LiftViewControllerSpec.swift in Sources */ = {isa = PBXBuildFile; fileRef = 7BB90D9D1C890AAA007D365E /* LiftViewControllerSpec.swift */; };
		7BB90DAD1C890AAA007D365E /* WorkoutListViewControllerSpec.swift in Sources */ = {isa = PBXBuildFile; fileRef = 7BB90D9F1C890AAA007D365E /* WorkoutListViewControllerSpec.swift */; };
		7BB90DAE1C890AAA007D365E /* WorkoutViewControllerSpec.swift in Sources */ = {isa = PBXBuildFile; fileRef = 7BB90DA01C890AAA007D365E /* WorkoutViewControllerSpec.swift */; };
		7BB90DAF1C890AAA007D365E /* LiftSetTableViewCellSpec.swift in Sources */ = {isa = PBXBuildFile; fileRef = 7BB90DA21C890AAA007D365E /* LiftSetTableViewCellSpec.swift */; };
		7BB90DB01C890AAA007D365E /* WorkoutLiftTableViewCellSpec.swift in Sources */ = {isa = PBXBuildFile; fileRef = 7BB90DA31C890AAA007D365E /* WorkoutLiftTableViewCellSpec.swift */; };
		7BB90DB11C890AAA007D365E /* WorkoutListTableViewCellSpec.swift in Sources */ = {isa = PBXBuildFile; fileRef = 7BB90DA41C890AAA007D365E /* WorkoutListTableViewCellSpec.swift */; };
		7BB90DB41C890B57007D365E /* WorkoutSerializer.swift in Sources */ = {isa = PBXBuildFile; fileRef = 7BB90DB31C890B57007D365E /* WorkoutSerializer.swift */; };
		7BB90DB71C890C55007D365E /* WorkoutSerializerSpec.swift in Sources */ = {isa = PBXBuildFile; fileRef = 7BB90DB61C890C55007D365E /* WorkoutSerializerSpec.swift */; };
		7BB90DBD1C8950AD007D365E /* LiftSerializer.swift in Sources */ = {isa = PBXBuildFile; fileRef = 7BB90DBC1C8950AD007D365E /* LiftSerializer.swift */; };
		7BB90DBF1C8950DB007D365E /* LiftSerializerSpec.swift in Sources */ = {isa = PBXBuildFile; fileRef = 7BB90DBE1C8950DB007D365E /* LiftSerializerSpec.swift */; };
		7BB90DC11C89538E007D365E /* LiftSetSerializer.swift in Sources */ = {isa = PBXBuildFile; fileRef = 7BB90DC01C89538E007D365E /* LiftSetSerializer.swift */; };
		7BB90DC31C8953EA007D365E /* LiftSetSerializerSpec.swift in Sources */ = {isa = PBXBuildFile; fileRef = 7BB90DC21C8953EA007D365E /* LiftSetSerializerSpec.swift */; };
		7BB90DCD1C8B22E9007D365E /* WorkoutSaveAgent.swift in Sources */ = {isa = PBXBuildFile; fileRef = 7BB90DCC1C8B22E9007D365E /* WorkoutSaveAgent.swift */; };
		7BB90DD01C8B231E007D365E /* WorkoutSaveAgentSpec.swift in Sources */ = {isa = PBXBuildFile; fileRef = 7BB90DCF1C8B231E007D365E /* WorkoutSaveAgentSpec.swift */; };
		7BB90DD21C8B2332007D365E /* WorkoutLoadAgent.swift in Sources */ = {isa = PBXBuildFile; fileRef = 7BB90DD11C8B2332007D365E /* WorkoutLoadAgent.swift */; };
		7BB90DD41C8B2374007D365E /* WorkoutLoadAgentSpec.swift in Sources */ = {isa = PBXBuildFile; fileRef = 7BB90DD31C8B2374007D365E /* WorkoutLoadAgentSpec.swift */; };
		7BB90DD61C8B24E1007D365E /* WorkoutDeserializer.swift in Sources */ = {isa = PBXBuildFile; fileRef = 7BB90DD51C8B24E1007D365E /* WorkoutDeserializer.swift */; };
		7BB90DD81C8B2509007D365E /* WorkoutDeserializerSpec.swift in Sources */ = {isa = PBXBuildFile; fileRef = 7BB90DD71C8B2509007D365E /* WorkoutDeserializerSpec.swift */; };
		7BB90DDE1C8B8DF6007D365E /* LiftSetDeserializer.swift in Sources */ = {isa = PBXBuildFile; fileRef = 7BB90DDD1C8B8DF6007D365E /* LiftSetDeserializer.swift */; };
		7BB90DE01C8B8E50007D365E /* LiftSetDeserializerSpec.swift in Sources */ = {isa = PBXBuildFile; fileRef = 7BB90DDF1C8B8E50007D365E /* LiftSetDeserializerSpec.swift */; };
		7BB90DE21C8D41AB007D365E /* WorkoutDeleteAgent.swift in Sources */ = {isa = PBXBuildFile; fileRef = 7BB90DE11C8D41AB007D365E /* WorkoutDeleteAgent.swift */; };
		7BB90DE41C8D41D4007D365E /* WorkoutDeleteAgentSpec.swift in Sources */ = {isa = PBXBuildFile; fileRef = 7BB90DE31C8D41D4007D365E /* WorkoutDeleteAgentSpec.swift */; };
		7BB90DE61C908330007D365E /* SetEditFormViewController.swift in Sources */ = {isa = PBXBuildFile; fileRef = 7BB90DE51C908330007D365E /* SetEditFormViewController.swift */; };
		7BB90DE81C908338007D365E /* SetEditFormViewControllerSpec.swift in Sources */ = {isa = PBXBuildFile; fileRef = 7BB90DE71C908338007D365E /* SetEditFormViewControllerSpec.swift */; };
/* End PBXBuildFile section */

/* Begin PBXContainerItemProxy section */
		7B41504E1C6B9D380032333F /* PBXContainerItemProxy */ = {
			isa = PBXContainerItemProxy;
			containerPortal = 7B4150311C6B9D380032333F /* Project object */;
			proxyType = 1;
			remoteGlobalIDString = 7B4150381C6B9D380032333F;
			remoteInfo = WorkoutTracker;
		};
/* End PBXContainerItemProxy section */

/* Begin PBXFileReference section */
		7B4150391C6B9D380032333F /* WorkoutTracker.app */ = {isa = PBXFileReference; explicitFileType = wrapper.application; includeInIndex = 0; path = WorkoutTracker.app; sourceTree = BUILT_PRODUCTS_DIR; };
		7B41503C1C6B9D380032333F /* AppDelegate.swift */ = {isa = PBXFileReference; lastKnownFileType = sourcecode.swift; path = AppDelegate.swift; sourceTree = "<group>"; };
		7B4150431C6B9D380032333F /* Assets.xcassets */ = {isa = PBXFileReference; lastKnownFileType = folder.assetcatalog; path = Assets.xcassets; sourceTree = "<group>"; };
		7B4150461C6B9D380032333F /* Base */ = {isa = PBXFileReference; lastKnownFileType = file.storyboard; name = Base; path = Base.lproj/LaunchScreen.storyboard; sourceTree = "<group>"; };
		7B4150481C6B9D380032333F /* Info.plist */ = {isa = PBXFileReference; lastKnownFileType = text.plist.xml; path = Info.plist; sourceTree = "<group>"; };
		7B41504D1C6B9D380032333F /* WorkoutTrackerTests.xctest */ = {isa = PBXFileReference; explicitFileType = wrapper.cfbundle; includeInIndex = 0; path = WorkoutTrackerTests.xctest; sourceTree = BUILT_PRODUCTS_DIR; };
		7B4150531C6B9D380032333F /* Info.plist */ = {isa = PBXFileReference; lastKnownFileType = text.plist.xml; path = Info.plist; sourceTree = "<group>"; };
		7B41505D1C6B9FF40032333F /* Swinject.framework */ = {isa = PBXFileReference; lastKnownFileType = wrapper.framework; name = Swinject.framework; path = Carthage/Build/iOS/Swinject.framework; sourceTree = "<group>"; };
		7B41505E1C6B9FF40032333F /* Quick.framework */ = {isa = PBXFileReference; lastKnownFileType = wrapper.framework; name = Quick.framework; path = Carthage/Build/iOS/Quick.framework; sourceTree = "<group>"; };
		7B41505F1C6B9FF40032333F /* Nimble.framework */ = {isa = PBXFileReference; lastKnownFileType = wrapper.framework; name = Nimble.framework; path = Carthage/Build/iOS/Nimble.framework; sourceTree = "<group>"; };
		7B6AC0A51C712AAB0063F667 /* AppDelegateSpec.swift */ = {isa = PBXFileReference; fileEncoding = 4; lastKnownFileType = sourcecode.swift; path = AppDelegateSpec.swift; sourceTree = "<group>"; };
		7B6AC0AB1C74D5E50063F667 /* TestNavigationController.swift */ = {isa = PBXFileReference; fileEncoding = 4; lastKnownFileType = sourcecode.swift; path = TestNavigationController.swift; sourceTree = "<group>"; };
		7B6AC0B81C76253F0063F667 /* VisualTreeWalker.swift */ = {isa = PBXFileReference; fileEncoding = 4; lastKnownFileType = sourcecode.swift; path = VisualTreeWalker.swift; sourceTree = "<group>"; };
		7B6AC0C41C7A30040063F667 /* Timestamper.swift */ = {isa = PBXFileReference; fileEncoding = 4; lastKnownFileType = sourcecode.swift; path = Timestamper.swift; sourceTree = "<group>"; };
		7B6AC0C61C7A30040063F667 /* LocalStorageWorker.swift */ = {isa = PBXFileReference; fileEncoding = 4; lastKnownFileType = sourcecode.swift; path = LocalStorageWorker.swift; sourceTree = "<group>"; };
		7B6AC0CA1C7A30100063F667 /* LocalStorageWorkerSpec.swift */ = {isa = PBXFileReference; fileEncoding = 4; lastKnownFileType = sourcecode.swift; path = LocalStorageWorkerSpec.swift; sourceTree = "<group>"; };
		7B6AC0CD1C7A312E0063F667 /* testImage.jpg */ = {isa = PBXFileReference; lastKnownFileType = image.jpeg; path = testImage.jpg; sourceTree = "<group>"; };
		7B6AC0CE1C7A312E0063F667 /* testImage.png */ = {isa = PBXFileReference; lastKnownFileType = image.png; path = testImage.png; sourceTree = "<group>"; };
		7B6AC0D51C7A5F9A0063F667 /* SwinjectStoryboardMetadata.swift */ = {isa = PBXFileReference; fileEncoding = 4; lastKnownFileType = sourcecode.swift; path = SwinjectStoryboardMetadata.swift; sourceTree = "<group>"; };
		7B8E7ECD1C9E0225008BF7B0 /* LiftHistoryIndexBuilder.swift */ = {isa = PBXFileReference; fileEncoding = 4; lastKnownFileType = sourcecode.swift; path = LiftHistoryIndexBuilder.swift; sourceTree = "<group>"; };
		7B8E7ECF1C9E0324008BF7B0 /* MigrationAgent.swift */ = {isa = PBXFileReference; fileEncoding = 4; lastKnownFileType = sourcecode.swift; path = MigrationAgent.swift; sourceTree = "<group>"; };
		7B8E7ED51C9E0495008BF7B0 /* MigrationAgentSpec.swift */ = {isa = PBXFileReference; fileEncoding = 4; lastKnownFileType = sourcecode.swift; path = MigrationAgentSpec.swift; sourceTree = "<group>"; };
		7B8E7ED71C9E04C3008BF7B0 /* LiftHistoryIndexBuilderSpec.swift */ = {isa = PBXFileReference; fileEncoding = 4; lastKnownFileType = sourcecode.swift; path = LiftHistoryIndexBuilderSpec.swift; sourceTree = "<group>"; };
		7BA92C271C9F0F18009A81E3 /* StartupViewController.swift */ = {isa = PBXFileReference; fileEncoding = 4; lastKnownFileType = sourcecode.swift; path = StartupViewController.swift; sourceTree = "<group>"; };
		7BA92C2B1C9F0F24009A81E3 /* StartupViewControllerSpec.swift */ = {isa = PBXFileReference; fileEncoding = 4; lastKnownFileType = sourcecode.swift; path = StartupViewControllerSpec.swift; sourceTree = "<group>"; };
		7BA92C2E1C9F0F6D009A81E3 /* StartupStoryboardMetadata.swift */ = {isa = PBXFileReference; fileEncoding = 4; lastKnownFileType = sourcecode.swift; path = StartupStoryboardMetadata.swift; sourceTree = "<group>"; };
		7BA92C301C9F0FCE009A81E3 /* StartupStoryboardMetadataSpec.swift */ = {isa = PBXFileReference; fileEncoding = 4; lastKnownFileType = sourcecode.swift; path = StartupStoryboardMetadataSpec.swift; sourceTree = "<group>"; };
		7BA92C321C9F1343009A81E3 /* Startup.storyboard */ = {isa = PBXFileReference; fileEncoding = 4; lastKnownFileType = file.storyboard; path = Startup.storyboard; sourceTree = "<group>"; };
		7BB01A2F1CB1984000A511FE /* LiftSaveAgent.swift */ = {isa = PBXFileReference; fileEncoding = 4; lastKnownFileType = sourcecode.swift; path = LiftSaveAgent.swift; sourceTree = "<group>"; };
		7BB01A311CB1986800A511FE /* LiftSaveAgentSpec.swift */ = {isa = PBXFileReference; fileEncoding = 4; lastKnownFileType = sourcecode.swift; path = LiftSaveAgentSpec.swift; sourceTree = "<group>"; };
		7BB01A331CB1B36400A511FE /* LiftLoadAgent.swift */ = {isa = PBXFileReference; fileEncoding = 4; lastKnownFileType = sourcecode.swift; path = LiftLoadAgent.swift; sourceTree = "<group>"; };
		7BB01A351CB1B38600A511FE /* LiftLoadAgentSpec.swift */ = {isa = PBXFileReference; fileEncoding = 4; lastKnownFileType = sourcecode.swift; path = LiftLoadAgentSpec.swift; sourceTree = "<group>"; };
		7BB01A371CB2BAB100A511FE /* LiftDeleteAgentSpec.swift */ = {isa = PBXFileReference; fileEncoding = 4; lastKnownFileType = sourcecode.swift; path = LiftDeleteAgentSpec.swift; sourceTree = "<group>"; };
		7BB01A391CB2BAF500A511FE /* LiftDeleteAgent.swift */ = {isa = PBXFileReference; fileEncoding = 4; lastKnownFileType = sourcecode.swift; path = LiftDeleteAgent.swift; sourceTree = "<group>"; };
		7BB118A41CAB145D005CC1AF /* LiftCreatorSpec.swift */ = {isa = PBXFileReference; fileEncoding = 4; lastKnownFileType = sourcecode.swift; path = LiftCreatorSpec.swift; sourceTree = "<group>"; };
		7BB118A71CAB148A005CC1AF /* LiftCreator.swift */ = {isa = PBXFileReference; fileEncoding = 4; lastKnownFileType = sourcecode.swift; path = LiftCreator.swift; sourceTree = "<group>"; };
		7BB118A91CAB19F2005CC1AF /* LiftHistoryIndexLoaderSpec.swift */ = {isa = PBXFileReference; fileEncoding = 4; lastKnownFileType = sourcecode.swift; path = LiftHistoryIndexLoaderSpec.swift; sourceTree = "<group>"; };
		7BB118AB1CAB1A89005CC1AF /* LiftHistoryIndexLoader.swift */ = {isa = PBXFileReference; fileEncoding = 4; lastKnownFileType = sourcecode.swift; path = LiftHistoryIndexLoader.swift; sourceTree = "<group>"; };
		7BB90D391C7E0E46007D365E /* main.swift */ = {isa = PBXFileReference; fileEncoding = 4; lastKnownFileType = sourcecode.swift; path = main.swift; sourceTree = "<group>"; };
		7BB90D3B1C7E10BC007D365E /* TestAppDelegate.swift */ = {isa = PBXFileReference; fileEncoding = 4; lastKnownFileType = sourcecode.swift; path = TestAppDelegate.swift; sourceTree = "<group>"; };
		7BB90D661C888F38007D365E /* LiftTableViewHeaderView.xib */ = {isa = PBXFileReference; fileEncoding = 4; lastKnownFileType = file.xib; path = LiftTableViewHeaderView.xib; sourceTree = "<group>"; };
		7BB90D6D1C890A9D007D365E /* Workout.storyboard */ = {isa = PBXFileReference; fileEncoding = 4; lastKnownFileType = file.storyboard; path = Workout.storyboard; sourceTree = "<group>"; };
		7BB90D6E1C890A9D007D365E /* WorkoutList.storyboard */ = {isa = PBXFileReference; fileEncoding = 4; lastKnownFileType = file.storyboard; path = WorkoutList.storyboard; sourceTree = "<group>"; };
		7BB90D6F1C890A9D007D365E /* WorkoutListStoryboardMetadata.swift */ = {isa = PBXFileReference; fileEncoding = 4; lastKnownFileType = sourcecode.swift; path = WorkoutListStoryboardMetadata.swift; sourceTree = "<group>"; };
		7BB90D701C890A9D007D365E /* WorkoutStoryboardMetadata.swift */ = {isa = PBXFileReference; fileEncoding = 4; lastKnownFileType = sourcecode.swift; path = WorkoutStoryboardMetadata.swift; sourceTree = "<group>"; };
		7BB90D721C890A9D007D365E /* Lift.swift */ = {isa = PBXFileReference; fileEncoding = 4; lastKnownFileType = sourcecode.swift; path = Lift.swift; sourceTree = "<group>"; };
		7BB90D731C890A9D007D365E /* LiftSet.swift */ = {isa = PBXFileReference; fileEncoding = 4; lastKnownFileType = sourcecode.swift; path = LiftSet.swift; sourceTree = "<group>"; };
		7BB90D741C890A9D007D365E /* Workout.swift */ = {isa = PBXFileReference; fileEncoding = 4; lastKnownFileType = sourcecode.swift; path = Workout.swift; sourceTree = "<group>"; };
		7BB90D761C890A9D007D365E /* LiftEntryFormViewController.swift */ = {isa = PBXFileReference; fileEncoding = 4; lastKnownFileType = sourcecode.swift; path = LiftEntryFormViewController.swift; sourceTree = "<group>"; };
		7BB90D771C890A9D007D365E /* LiftViewController.swift */ = {isa = PBXFileReference; fileEncoding = 4; lastKnownFileType = sourcecode.swift; path = LiftViewController.swift; sourceTree = "<group>"; };
		7BB90D791C890A9D007D365E /* WorkoutListViewController.swift */ = {isa = PBXFileReference; fileEncoding = 4; lastKnownFileType = sourcecode.swift; path = WorkoutListViewController.swift; sourceTree = "<group>"; };
		7BB90D7A1C890A9D007D365E /* WorkoutViewController.swift */ = {isa = PBXFileReference; fileEncoding = 4; lastKnownFileType = sourcecode.swift; path = WorkoutViewController.swift; sourceTree = "<group>"; };
		7BB90D7C1C890A9D007D365E /* LiftSetTableViewCell.swift */ = {isa = PBXFileReference; fileEncoding = 4; lastKnownFileType = sourcecode.swift; path = LiftSetTableViewCell.swift; sourceTree = "<group>"; };
		7BB90D7D1C890A9D007D365E /* LiftSetTableViewCell.xib */ = {isa = PBXFileReference; fileEncoding = 4; lastKnownFileType = file.xib; path = LiftSetTableViewCell.xib; sourceTree = "<group>"; };
		7BB90D7E1C890A9D007D365E /* WorkoutLiftTableViewCell.swift */ = {isa = PBXFileReference; fileEncoding = 4; lastKnownFileType = sourcecode.swift; path = WorkoutLiftTableViewCell.swift; sourceTree = "<group>"; };
		7BB90D7F1C890A9D007D365E /* WorkoutLiftTableViewCell.xib */ = {isa = PBXFileReference; fileEncoding = 4; lastKnownFileType = file.xib; path = WorkoutLiftTableViewCell.xib; sourceTree = "<group>"; };
		7BB90D801C890A9D007D365E /* WorkoutListTableViewCell.swift */ = {isa = PBXFileReference; fileEncoding = 4; lastKnownFileType = sourcecode.swift; path = WorkoutListTableViewCell.swift; sourceTree = "<group>"; };
		7BB90D811C890A9D007D365E /* WorkoutListTableViewCell.xib */ = {isa = PBXFileReference; fileEncoding = 4; lastKnownFileType = file.xib; path = WorkoutListTableViewCell.xib; sourceTree = "<group>"; };
		7BB90D951C890AAA007D365E /* WorkoutListStoryboardMetadataSpec.swift */ = {isa = PBXFileReference; fileEncoding = 4; lastKnownFileType = sourcecode.swift; path = WorkoutListStoryboardMetadataSpec.swift; sourceTree = "<group>"; };
		7BB90D961C890AAA007D365E /* WorkoutStoryboardMetadataSpec.swift */ = {isa = PBXFileReference; fileEncoding = 4; lastKnownFileType = sourcecode.swift; path = WorkoutStoryboardMetadataSpec.swift; sourceTree = "<group>"; };
		7BB90D981C890AAA007D365E /* LiftSetSpec.swift */ = {isa = PBXFileReference; fileEncoding = 4; lastKnownFileType = sourcecode.swift; path = LiftSetSpec.swift; sourceTree = "<group>"; };
		7BB90D991C890AAA007D365E /* LiftSpec.swift */ = {isa = PBXFileReference; fileEncoding = 4; lastKnownFileType = sourcecode.swift; path = LiftSpec.swift; sourceTree = "<group>"; };
		7BB90D9A1C890AAA007D365E /* WorkoutSpec.swift */ = {isa = PBXFileReference; fileEncoding = 4; lastKnownFileType = sourcecode.swift; path = WorkoutSpec.swift; sourceTree = "<group>"; };
		7BB90D9C1C890AAA007D365E /* LiftEntryFormViewControllerSpec.swift */ = {isa = PBXFileReference; fileEncoding = 4; lastKnownFileType = sourcecode.swift; path = LiftEntryFormViewControllerSpec.swift; sourceTree = "<group>"; };
		7BB90D9D1C890AAA007D365E /* LiftViewControllerSpec.swift */ = {isa = PBXFileReference; fileEncoding = 4; lastKnownFileType = sourcecode.swift; path = LiftViewControllerSpec.swift; sourceTree = "<group>"; };
		7BB90D9F1C890AAA007D365E /* WorkoutListViewControllerSpec.swift */ = {isa = PBXFileReference; fileEncoding = 4; lastKnownFileType = sourcecode.swift; path = WorkoutListViewControllerSpec.swift; sourceTree = "<group>"; };
		7BB90DA01C890AAA007D365E /* WorkoutViewControllerSpec.swift */ = {isa = PBXFileReference; fileEncoding = 4; lastKnownFileType = sourcecode.swift; path = WorkoutViewControllerSpec.swift; sourceTree = "<group>"; };
		7BB90DA21C890AAA007D365E /* LiftSetTableViewCellSpec.swift */ = {isa = PBXFileReference; fileEncoding = 4; lastKnownFileType = sourcecode.swift; path = LiftSetTableViewCellSpec.swift; sourceTree = "<group>"; };
		7BB90DA31C890AAA007D365E /* WorkoutLiftTableViewCellSpec.swift */ = {isa = PBXFileReference; fileEncoding = 4; lastKnownFileType = sourcecode.swift; path = WorkoutLiftTableViewCellSpec.swift; sourceTree = "<group>"; };
		7BB90DA41C890AAA007D365E /* WorkoutListTableViewCellSpec.swift */ = {isa = PBXFileReference; fileEncoding = 4; lastKnownFileType = sourcecode.swift; path = WorkoutListTableViewCellSpec.swift; sourceTree = "<group>"; };
		7BB90DB31C890B57007D365E /* WorkoutSerializer.swift */ = {isa = PBXFileReference; fileEncoding = 4; lastKnownFileType = sourcecode.swift; path = WorkoutSerializer.swift; sourceTree = "<group>"; };
		7BB90DB61C890C55007D365E /* WorkoutSerializerSpec.swift */ = {isa = PBXFileReference; fileEncoding = 4; lastKnownFileType = sourcecode.swift; path = WorkoutSerializerSpec.swift; sourceTree = "<group>"; };
		7BB90DBC1C8950AD007D365E /* LiftSerializer.swift */ = {isa = PBXFileReference; fileEncoding = 4; lastKnownFileType = sourcecode.swift; path = LiftSerializer.swift; sourceTree = "<group>"; };
		7BB90DBE1C8950DB007D365E /* LiftSerializerSpec.swift */ = {isa = PBXFileReference; fileEncoding = 4; lastKnownFileType = sourcecode.swift; path = LiftSerializerSpec.swift; sourceTree = "<group>"; };
		7BB90DC01C89538E007D365E /* LiftSetSerializer.swift */ = {isa = PBXFileReference; fileEncoding = 4; lastKnownFileType = sourcecode.swift; path = LiftSetSerializer.swift; sourceTree = "<group>"; };
		7BB90DC21C8953EA007D365E /* LiftSetSerializerSpec.swift */ = {isa = PBXFileReference; fileEncoding = 4; lastKnownFileType = sourcecode.swift; path = LiftSetSerializerSpec.swift; sourceTree = "<group>"; };
		7BB90DCC1C8B22E9007D365E /* WorkoutSaveAgent.swift */ = {isa = PBXFileReference; fileEncoding = 4; lastKnownFileType = sourcecode.swift; path = WorkoutSaveAgent.swift; sourceTree = "<group>"; };
		7BB90DCF1C8B231E007D365E /* WorkoutSaveAgentSpec.swift */ = {isa = PBXFileReference; fileEncoding = 4; lastKnownFileType = sourcecode.swift; path = WorkoutSaveAgentSpec.swift; sourceTree = "<group>"; };
		7BB90DD11C8B2332007D365E /* WorkoutLoadAgent.swift */ = {isa = PBXFileReference; fileEncoding = 4; lastKnownFileType = sourcecode.swift; path = WorkoutLoadAgent.swift; sourceTree = "<group>"; };
		7BB90DD31C8B2374007D365E /* WorkoutLoadAgentSpec.swift */ = {isa = PBXFileReference; fileEncoding = 4; lastKnownFileType = sourcecode.swift; path = WorkoutLoadAgentSpec.swift; sourceTree = "<group>"; };
		7BB90DD51C8B24E1007D365E /* WorkoutDeserializer.swift */ = {isa = PBXFileReference; fileEncoding = 4; lastKnownFileType = sourcecode.swift; path = WorkoutDeserializer.swift; sourceTree = "<group>"; };
		7BB90DD71C8B2509007D365E /* WorkoutDeserializerSpec.swift */ = {isa = PBXFileReference; fileEncoding = 4; lastKnownFileType = sourcecode.swift; path = WorkoutDeserializerSpec.swift; sourceTree = "<group>"; };
		7BB90DDD1C8B8DF6007D365E /* LiftSetDeserializer.swift */ = {isa = PBXFileReference; fileEncoding = 4; lastKnownFileType = sourcecode.swift; path = LiftSetDeserializer.swift; sourceTree = "<group>"; };
		7BB90DDF1C8B8E50007D365E /* LiftSetDeserializerSpec.swift */ = {isa = PBXFileReference; fileEncoding = 4; lastKnownFileType = sourcecode.swift; path = LiftSetDeserializerSpec.swift; sourceTree = "<group>"; };
		7BB90DE11C8D41AB007D365E /* WorkoutDeleteAgent.swift */ = {isa = PBXFileReference; fileEncoding = 4; lastKnownFileType = sourcecode.swift; path = WorkoutDeleteAgent.swift; sourceTree = "<group>"; };
		7BB90DE31C8D41D4007D365E /* WorkoutDeleteAgentSpec.swift */ = {isa = PBXFileReference; fileEncoding = 4; lastKnownFileType = sourcecode.swift; path = WorkoutDeleteAgentSpec.swift; sourceTree = "<group>"; };
		7BB90DE51C908330007D365E /* SetEditFormViewController.swift */ = {isa = PBXFileReference; fileEncoding = 4; lastKnownFileType = sourcecode.swift; path = SetEditFormViewController.swift; sourceTree = "<group>"; };
		7BB90DE71C908338007D365E /* SetEditFormViewControllerSpec.swift */ = {isa = PBXFileReference; fileEncoding = 4; lastKnownFileType = sourcecode.swift; path = SetEditFormViewControllerSpec.swift; sourceTree = "<group>"; };
/* End PBXFileReference section */

/* Begin PBXFrameworksBuildPhase section */
		7B4150361C6B9D380032333F /* Frameworks */ = {
			isa = PBXFrameworksBuildPhase;
			buildActionMask = 2147483647;
			files = (
				7B4150661C6CEB7C0032333F /* Swinject.framework in Frameworks */,
			);
			runOnlyForDeploymentPostprocessing = 0;
		};
		7B41504A1C6B9D380032333F /* Frameworks */ = {
			isa = PBXFrameworksBuildPhase;
			buildActionMask = 2147483647;
			files = (
				7B4150641C6CEB720032333F /* Quick.framework in Frameworks */,
				7B4150651C6CEB720032333F /* Nimble.framework in Frameworks */,
			);
			runOnlyForDeploymentPostprocessing = 0;
		};
/* End PBXFrameworksBuildPhase section */

/* Begin PBXGroup section */
		7B4150301C6B9D380032333F = {
			isa = PBXGroup;
			children = (
				7B41505C1C6B9FE20032333F /* External */,
				7B41503B1C6B9D380032333F /* WorkoutTracker */,
				7B4150501C6B9D380032333F /* WorkoutTrackerTests */,
				7B41503A1C6B9D380032333F /* Products */,
			);
			sourceTree = "<group>";
		};
		7B41503A1C6B9D380032333F /* Products */ = {
			isa = PBXGroup;
			children = (
				7B4150391C6B9D380032333F /* WorkoutTracker.app */,
				7B41504D1C6B9D380032333F /* WorkoutTrackerTests.xctest */,
			);
			name = Products;
			sourceTree = "<group>";
		};
		7B41503B1C6B9D380032333F /* WorkoutTracker */ = {
			isa = PBXGroup;
			children = (
				7BA92C241C9F0D83009A81E3 /* Startup */,
				7B6AC0C31C7A30040063F667 /* Time */,
				7B6AC0C51C7A30040063F667 /* Storage */,
				7B6AC0AD1C74D7380063F667 /* Workout */,
				7B41503C1C6B9D380032333F /* AppDelegate.swift */,
				7B4150431C6B9D380032333F /* Assets.xcassets */,
				7B4150451C6B9D380032333F /* LaunchScreen.storyboard */,
				7B4150481C6B9D380032333F /* Info.plist */,
				7B6AC0D51C7A5F9A0063F667 /* SwinjectStoryboardMetadata.swift */,
				7BB90D391C7E0E46007D365E /* main.swift */,
			);
			path = WorkoutTracker;
			sourceTree = "<group>";
		};
		7B4150501C6B9D380032333F /* WorkoutTrackerTests */ = {
			isa = PBXGroup;
			children = (
				7BB90D3B1C7E10BC007D365E /* TestAppDelegate.swift */,
				7BA92C291C9F0F24009A81E3 /* Startup */,
				7B6AC0CC1C7A312E0063F667 /* Resources */,
				7B6AC0C91C7A30100063F667 /* Storage */,
				7B6AC0B71C76253F0063F667 /* TestUtilities */,
				7B6AC0B21C74D7CA0063F667 /* Workout */,
				7B6AC0AA1C74D5E50063F667 /* TestMocks */,
				7B4150531C6B9D380032333F /* Info.plist */,
				7B6AC0A51C712AAB0063F667 /* AppDelegateSpec.swift */,
			);
			path = WorkoutTrackerTests;
			sourceTree = "<group>";
		};
		7B41505C1C6B9FE20032333F /* External */ = {
			isa = PBXGroup;
			children = (
				7B41505D1C6B9FF40032333F /* Swinject.framework */,
				7B41505E1C6B9FF40032333F /* Quick.framework */,
				7B41505F1C6B9FF40032333F /* Nimble.framework */,
			);
			name = External;
			sourceTree = "<group>";
		};
		7B6AC0AA1C74D5E50063F667 /* TestMocks */ = {
			isa = PBXGroup;
			children = (
				7B6AC0AB1C74D5E50063F667 /* TestNavigationController.swift */,
			);
			path = TestMocks;
			sourceTree = "<group>";
		};
		7B6AC0AD1C74D7380063F667 /* Workout */ = {
			isa = PBXGroup;
			children = (
				7BB90D661C888F38007D365E /* LiftTableViewHeaderView.xib */,
				7BB90DCB1C8B22AD007D365E /* FileSystem */,
				7BB90DB21C890B2A007D365E /* Serialization */,
				7BB90D6C1C890A9D007D365E /* Storyboards */,
				7BB90D711C890A9D007D365E /* Models */,
				7BB90D751C890A9D007D365E /* Controllers */,
				7BB90D7B1C890A9D007D365E /* Cells */,
			);
			path = Workout;
			sourceTree = "<group>";
		};
		7B6AC0B21C74D7CA0063F667 /* Workout */ = {
			isa = PBXGroup;
			children = (
				7BB90DCE1C8B22EE007D365E /* FileSystem */,
				7BB90DB51C890C14007D365E /* Serialization */,
				7BB90D941C890AAA007D365E /* Storyboard */,
				7BB90D971C890AAA007D365E /* Models */,
				7BB90D9B1C890AAA007D365E /* Controllers */,
				7BB90DA11C890AAA007D365E /* Cells */,
			);
			path = Workout;
			sourceTree = "<group>";
		};
		7B6AC0B71C76253F0063F667 /* TestUtilities */ = {
			isa = PBXGroup;
			children = (
				7B6AC0B81C76253F0063F667 /* VisualTreeWalker.swift */,
			);
			path = TestUtilities;
			sourceTree = "<group>";
		};
		7B6AC0C31C7A30040063F667 /* Time */ = {
			isa = PBXGroup;
			children = (
				7B6AC0C41C7A30040063F667 /* Timestamper.swift */,
			);
			path = Time;
			sourceTree = "<group>";
		};
		7B6AC0C51C7A30040063F667 /* Storage */ = {
			isa = PBXGroup;
			children = (
				7B6AC0C61C7A30040063F667 /* LocalStorageWorker.swift */,
			);
			path = Storage;
			sourceTree = "<group>";
		};
		7B6AC0C91C7A30100063F667 /* Storage */ = {
			isa = PBXGroup;
			children = (
				7B6AC0CA1C7A30100063F667 /* LocalStorageWorkerSpec.swift */,
			);
			path = Storage;
			sourceTree = "<group>";
		};
		7B6AC0CC1C7A312E0063F667 /* Resources */ = {
			isa = PBXGroup;
			children = (
				7B6AC0CD1C7A312E0063F667 /* testImage.jpg */,
				7B6AC0CE1C7A312E0063F667 /* testImage.png */,
			);
			path = Resources;
			sourceTree = "<group>";
		};
		7BA92C241C9F0D83009A81E3 /* Startup */ = {
			isa = PBXGroup;
			children = (
				7BA92C261C9F0F18009A81E3 /* Controllers */,
				7BA92C251C9F0F18009A81E3 /* Storyboard */,
			);
			path = Startup;
			sourceTree = "<group>";
		};
		7BA92C251C9F0F18009A81E3 /* Storyboard */ = {
			isa = PBXGroup;
			children = (
				7BA92C2E1C9F0F6D009A81E3 /* StartupStoryboardMetadata.swift */,
				7BA92C321C9F1343009A81E3 /* Startup.storyboard */,
			);
			path = Storyboard;
			sourceTree = "<group>";
		};
		7BA92C261C9F0F18009A81E3 /* Controllers */ = {
			isa = PBXGroup;
			children = (
				7BA92C271C9F0F18009A81E3 /* StartupViewController.swift */,
			);
			path = Controllers;
			sourceTree = "<group>";
		};
		7BA92C291C9F0F24009A81E3 /* Startup */ = {
			isa = PBXGroup;
			children = (
				7BA92C2A1C9F0F24009A81E3 /* Controllers */,
				7BA92C2C1C9F0F24009A81E3 /* Storyboard */,
			);
			path = Startup;
			sourceTree = "<group>";
		};
		7BA92C2A1C9F0F24009A81E3 /* Controllers */ = {
			isa = PBXGroup;
			children = (
				7BA92C2B1C9F0F24009A81E3 /* StartupViewControllerSpec.swift */,
			);
			path = Controllers;
			sourceTree = "<group>";
		};
		7BA92C2C1C9F0F24009A81E3 /* Storyboard */ = {
			isa = PBXGroup;
			children = (
				7BA92C301C9F0FCE009A81E3 /* StartupStoryboardMetadataSpec.swift */,
			);
			path = Storyboard;
			sourceTree = "<group>";
		};
		7BB118A31CAB1432005CC1AF /* Creation */ = {
			isa = PBXGroup;
			children = (
				7BB118A41CAB145D005CC1AF /* LiftCreatorSpec.swift */,
			);
			path = Creation;
			sourceTree = "<group>";
		};
		7BB118A61CAB1466005CC1AF /* Creation */ = {
			isa = PBXGroup;
			children = (
				7BB118A71CAB148A005CC1AF /* LiftCreator.swift */,
			);
			path = Creation;
			sourceTree = "<group>";
		};
		7BB90D6C1C890A9D007D365E /* Storyboards */ = {
			isa = PBXGroup;
			children = (
				7BB90D6D1C890A9D007D365E /* Workout.storyboard */,
				7BB90D6E1C890A9D007D365E /* WorkoutList.storyboard */,
				7BB90D6F1C890A9D007D365E /* WorkoutListStoryboardMetadata.swift */,
				7BB90D701C890A9D007D365E /* WorkoutStoryboardMetadata.swift */,
			);
			path = Storyboards;
			sourceTree = "<group>";
		};
		7BB90D711C890A9D007D365E /* Models */ = {
			isa = PBXGroup;
			children = (
				7BB118A61CAB1466005CC1AF /* Creation */,
				7BB90D721C890A9D007D365E /* Lift.swift */,
				7BB90D731C890A9D007D365E /* LiftSet.swift */,
				7BB90D741C890A9D007D365E /* Workout.swift */,
			);
			path = Models;
			sourceTree = "<group>";
		};
		7BB90D751C890A9D007D365E /* Controllers */ = {
			isa = PBXGroup;
			children = (
				7BB90DE51C908330007D365E /* SetEditFormViewController.swift */,
				7BB90D761C890A9D007D365E /* LiftEntryFormViewController.swift */,
				7BB90D771C890A9D007D365E /* LiftViewController.swift */,
				7BB90D791C890A9D007D365E /* WorkoutListViewController.swift */,
				7BB90D7A1C890A9D007D365E /* WorkoutViewController.swift */,
			);
			path = Controllers;
			sourceTree = "<group>";
		};
		7BB90D7B1C890A9D007D365E /* Cells */ = {
			isa = PBXGroup;
			children = (
				7BB90D7C1C890A9D007D365E /* LiftSetTableViewCell.swift */,
				7BB90D7D1C890A9D007D365E /* LiftSetTableViewCell.xib */,
				7BB90D7E1C890A9D007D365E /* WorkoutLiftTableViewCell.swift */,
				7BB90D7F1C890A9D007D365E /* WorkoutLiftTableViewCell.xib */,
				7BB90D801C890A9D007D365E /* WorkoutListTableViewCell.swift */,
				7BB90D811C890A9D007D365E /* WorkoutListTableViewCell.xib */,
			);
			path = Cells;
			sourceTree = "<group>";
		};
		7BB90D941C890AAA007D365E /* Storyboard */ = {
			isa = PBXGroup;
			children = (
				7BB90D951C890AAA007D365E /* WorkoutListStoryboardMetadataSpec.swift */,
				7BB90D961C890AAA007D365E /* WorkoutStoryboardMetadataSpec.swift */,
			);
			path = Storyboard;
			sourceTree = "<group>";
		};
		7BB90D971C890AAA007D365E /* Models */ = {
			isa = PBXGroup;
			children = (
				7BB118A31CAB1432005CC1AF /* Creation */,
				7BB90D981C890AAA007D365E /* LiftSetSpec.swift */,
				7BB90D991C890AAA007D365E /* LiftSpec.swift */,
				7BB90D9A1C890AAA007D365E /* WorkoutSpec.swift */,
			);
			path = Models;
			sourceTree = "<group>";
		};
		7BB90D9B1C890AAA007D365E /* Controllers */ = {
			isa = PBXGroup;
			children = (
				7BB90DE71C908338007D365E /* SetEditFormViewControllerSpec.swift */,
				7BB90D9C1C890AAA007D365E /* LiftEntryFormViewControllerSpec.swift */,
				7BB90D9D1C890AAA007D365E /* LiftViewControllerSpec.swift */,
				7BB90D9F1C890AAA007D365E /* WorkoutListViewControllerSpec.swift */,
				7BB90DA01C890AAA007D365E /* WorkoutViewControllerSpec.swift */,
			);
			path = Controllers;
			sourceTree = "<group>";
		};
		7BB90DA11C890AAA007D365E /* Cells */ = {
			isa = PBXGroup;
			children = (
				7BB90DA21C890AAA007D365E /* LiftSetTableViewCellSpec.swift */,
				7BB90DA31C890AAA007D365E /* WorkoutLiftTableViewCellSpec.swift */,
				7BB90DA41C890AAA007D365E /* WorkoutListTableViewCellSpec.swift */,
			);
			path = Cells;
			sourceTree = "<group>";
		};
		7BB90DB21C890B2A007D365E /* Serialization */ = {
			isa = PBXGroup;
			children = (
				7BB90DB31C890B57007D365E /* WorkoutSerializer.swift */,
				7BB90DBC1C8950AD007D365E /* LiftSerializer.swift */,
				7BB90DC01C89538E007D365E /* LiftSetSerializer.swift */,
				7BB90DD51C8B24E1007D365E /* WorkoutDeserializer.swift */,
				7BB90DDD1C8B8DF6007D365E /* LiftSetDeserializer.swift */,
			);
			path = Serialization;
			sourceTree = "<group>";
		};
		7BB90DB51C890C14007D365E /* Serialization */ = {
			isa = PBXGroup;
			children = (
				7BB90DB61C890C55007D365E /* WorkoutSerializerSpec.swift */,
				7BB90DBE1C8950DB007D365E /* LiftSerializerSpec.swift */,
				7BB90DC21C8953EA007D365E /* LiftSetSerializerSpec.swift */,
				7BB90DD71C8B2509007D365E /* WorkoutDeserializerSpec.swift */,
				7BB90DDF1C8B8E50007D365E /* LiftSetDeserializerSpec.swift */,
			);
			path = Serialization;
			sourceTree = "<group>";
		};
		7BB90DCB1C8B22AD007D365E /* FileSystem */ = {
			isa = PBXGroup;
			children = (
				7BB90DCC1C8B22E9007D365E /* WorkoutSaveAgent.swift */,
				7BB90DD11C8B2332007D365E /* WorkoutLoadAgent.swift */,
				7BB90DE11C8D41AB007D365E /* WorkoutDeleteAgent.swift */,
				7B8E7ECD1C9E0225008BF7B0 /* LiftHistoryIndexBuilder.swift */,
				7B8E7ECF1C9E0324008BF7B0 /* MigrationAgent.swift */,
				7BB118AB1CAB1A89005CC1AF /* LiftHistoryIndexLoader.swift */,
				7BB01A2F1CB1984000A511FE /* LiftSaveAgent.swift */,
				7BB01A331CB1B36400A511FE /* LiftLoadAgent.swift */,
				7BB01A391CB2BAF500A511FE /* LiftDeleteAgent.swift */,
			);
			path = FileSystem;
			sourceTree = "<group>";
		};
		7BB90DCE1C8B22EE007D365E /* FileSystem */ = {
			isa = PBXGroup;
			children = (
				7BB90DCF1C8B231E007D365E /* WorkoutSaveAgentSpec.swift */,
				7BB90DD31C8B2374007D365E /* WorkoutLoadAgentSpec.swift */,
				7BB90DE31C8D41D4007D365E /* WorkoutDeleteAgentSpec.swift */,
				7B8E7ED51C9E0495008BF7B0 /* MigrationAgentSpec.swift */,
				7B8E7ED71C9E04C3008BF7B0 /* LiftHistoryIndexBuilderSpec.swift */,
				7BB118A91CAB19F2005CC1AF /* LiftHistoryIndexLoaderSpec.swift */,
				7BB01A311CB1986800A511FE /* LiftSaveAgentSpec.swift */,
				7BB01A351CB1B38600A511FE /* LiftLoadAgentSpec.swift */,
				7BB01A371CB2BAB100A511FE /* LiftDeleteAgentSpec.swift */,
			);
			path = FileSystem;
			sourceTree = "<group>";
		};
/* End PBXGroup section */

/* Begin PBXNativeTarget section */
		7B4150381C6B9D380032333F /* WorkoutTracker */ = {
			isa = PBXNativeTarget;
			buildConfigurationList = 7B4150561C6B9D380032333F /* Build configuration list for PBXNativeTarget "WorkoutTracker" */;
			buildPhases = (
				7B4150351C6B9D380032333F /* Sources */,
				7B4150361C6B9D380032333F /* Frameworks */,
				7B4150371C6B9D380032333F /* Resources */,
				7BA10AD91C6CF2C900C681BF /* ShellScript */,
			);
			buildRules = (
			);
			dependencies = (
			);
			name = WorkoutTracker;
			productName = WorkoutTracker;
			productReference = 7B4150391C6B9D380032333F /* WorkoutTracker.app */;
			productType = "com.apple.product-type.application";
		};
		7B41504C1C6B9D380032333F /* WorkoutTrackerTests */ = {
			isa = PBXNativeTarget;
			buildConfigurationList = 7B4150591C6B9D380032333F /* Build configuration list for PBXNativeTarget "WorkoutTrackerTests" */;
			buildPhases = (
				7B4150491C6B9D380032333F /* Sources */,
				7B41504A1C6B9D380032333F /* Frameworks */,
				7B41504B1C6B9D380032333F /* Resources */,
				7BA10ADA1C6CF2E700C681BF /* ShellScript */,
			);
			buildRules = (
			);
			dependencies = (
				7B41504F1C6B9D380032333F /* PBXTargetDependency */,
			);
			name = WorkoutTrackerTests;
			productName = WorkoutTrackerTests;
			productReference = 7B41504D1C6B9D380032333F /* WorkoutTrackerTests.xctest */;
			productType = "com.apple.product-type.bundle.unit-test";
		};
/* End PBXNativeTarget section */

/* Begin PBXProject section */
		7B4150311C6B9D380032333F /* Project object */ = {
			isa = PBXProject;
			attributes = {
				LastSwiftUpdateCheck = 0730;
				LastUpgradeCheck = 0730;
				ORGANIZATIONNAME = jwfriese;
				TargetAttributes = {
					7B4150381C6B9D380032333F = {
						CreatedOnToolsVersion = 7.3;
					};
					7B41504C1C6B9D380032333F = {
						CreatedOnToolsVersion = 7.3;
						TestTargetID = 7B4150381C6B9D380032333F;
					};
				};
			};
			buildConfigurationList = 7B4150341C6B9D380032333F /* Build configuration list for PBXProject "WorkoutTracker" */;
			compatibilityVersion = "Xcode 3.2";
			developmentRegion = English;
			hasScannedForEncodings = 0;
			knownRegions = (
				en,
				Base,
			);
			mainGroup = 7B4150301C6B9D380032333F;
			productRefGroup = 7B41503A1C6B9D380032333F /* Products */;
			projectDirPath = "";
			projectRoot = "";
			targets = (
				7B4150381C6B9D380032333F /* WorkoutTracker */,
				7B41504C1C6B9D380032333F /* WorkoutTrackerTests */,
			);
		};
/* End PBXProject section */

/* Begin PBXResourcesBuildPhase section */
		7B4150371C6B9D380032333F /* Resources */ = {
			isa = PBXResourcesBuildPhase;
			buildActionMask = 2147483647;
			files = (
				7BB90D821C890A9D007D365E /* Workout.storyboard in Resources */,
				7BB90D8F1C890A9D007D365E /* LiftSetTableViewCell.xib in Resources */,
				7BA92C331C9F1343009A81E3 /* Startup.storyboard in Resources */,
				7BB90D831C890A9D007D365E /* WorkoutList.storyboard in Resources */,
				7BB90D671C888F38007D365E /* LiftTableViewHeaderView.xib in Resources */,
				7B4150471C6B9D380032333F /* LaunchScreen.storyboard in Resources */,
				7BB90D911C890A9D007D365E /* WorkoutLiftTableViewCell.xib in Resources */,
				7B4150441C6B9D380032333F /* Assets.xcassets in Resources */,
				7BB90D931C890A9D007D365E /* WorkoutListTableViewCell.xib in Resources */,
			);
			runOnlyForDeploymentPostprocessing = 0;
		};
		7B41504B1C6B9D380032333F /* Resources */ = {
			isa = PBXResourcesBuildPhase;
			buildActionMask = 2147483647;
			files = (
				7B6AC0CF1C7A312E0063F667 /* testImage.jpg in Resources */,
				7B6AC0D01C7A312E0063F667 /* testImage.png in Resources */,
			);
			runOnlyForDeploymentPostprocessing = 0;
		};
/* End PBXResourcesBuildPhase section */

/* Begin PBXShellScriptBuildPhase section */
		7BA10AD91C6CF2C900C681BF /* ShellScript */ = {
			isa = PBXShellScriptBuildPhase;
			buildActionMask = 2147483647;
			files = (
			);
			inputPaths = (
				"$(SRCROOT)/Carthage/Build/iOS/Swinject.framework",
			);
			outputPaths = (
			);
			runOnlyForDeploymentPostprocessing = 0;
			shellPath = /bin/sh;
			shellScript = "/usr/local/bin/carthage copy-frameworks";
		};
		7BA10ADA1C6CF2E700C681BF /* ShellScript */ = {
			isa = PBXShellScriptBuildPhase;
			buildActionMask = 2147483647;
			files = (
			);
			inputPaths = (
				"$(SRCROOT)/Carthage/Build/iOS/Quick.framework",
				"$(SRCROOT)/Carthage/Build/iOS/Nimble.framework",
			);
			outputPaths = (
			);
			runOnlyForDeploymentPostprocessing = 0;
			shellPath = /bin/sh;
			shellScript = "/usr/local/bin/carthage copy-frameworks\n\nframeworks_path=\"$BUILT_PRODUCTS_DIR/$FRAMEWORKS_FOLDER_PATH\"\ntarget_frameworks_path=\"$TARGET_BUILD_DIR/WorkoutTrackerTests.xctest/Frameworks/\"\n\ncommand=\"cp -R $frameworks_path/. $target_frameworks_path\"\n\neval \"$command\"";
		};
/* End PBXShellScriptBuildPhase section */

/* Begin PBXSourcesBuildPhase section */
		7B4150351C6B9D380032333F /* Sources */ = {
			isa = PBXSourcesBuildPhase;
			buildActionMask = 2147483647;
			files = (
				7B6AC0D61C7A5F9A0063F667 /* SwinjectStoryboardMetadata.swift in Sources */,
				7B8E7ECE1C9E0225008BF7B0 /* LiftHistoryIndexBuilder.swift in Sources */,
				7BB90D841C890A9D007D365E /* WorkoutListStoryboardMetadata.swift in Sources */,
				7BB90DC11C89538E007D365E /* LiftSetSerializer.swift in Sources */,
				7BB90D8E1C890A9D007D365E /* LiftSetTableViewCell.swift in Sources */,
				7BB118AC1CAB1A89005CC1AF /* LiftHistoryIndexLoader.swift in Sources */,
				7BB118A81CAB148A005CC1AF /* LiftCreator.swift in Sources */,
				7BB90D901C890A9D007D365E /* WorkoutLiftTableViewCell.swift in Sources */,
				7BB90D921C890A9D007D365E /* WorkoutListTableViewCell.swift in Sources */,
				7BA92C281C9F0F18009A81E3 /* StartupViewController.swift in Sources */,
				7BB90DE21C8D41AB007D365E /* WorkoutDeleteAgent.swift in Sources */,
				7BB90DD61C8B24E1007D365E /* WorkoutDeserializer.swift in Sources */,
				7BB90DCD1C8B22E9007D365E /* WorkoutSaveAgent.swift in Sources */,
				7BB90DBD1C8950AD007D365E /* LiftSerializer.swift in Sources */,
				7BB90D871C890A9D007D365E /* LiftSet.swift in Sources */,
				7BB90DDE1C8B8DF6007D365E /* LiftSetDeserializer.swift in Sources */,
				7BB90D881C890A9D007D365E /* Workout.swift in Sources */,
				7BB90DE61C908330007D365E /* SetEditFormViewController.swift in Sources */,
				7BB90DB41C890B57007D365E /* WorkoutSerializer.swift in Sources */,
				7B6AC0C81C7A30040063F667 /* LocalStorageWorker.swift in Sources */,
				7BB01A3A1CB2BAF500A511FE /* LiftDeleteAgent.swift in Sources */,
				7BB90D8A1C890A9D007D365E /* LiftViewController.swift in Sources */,
				7B8E7ED01C9E0324008BF7B0 /* MigrationAgent.swift in Sources */,
				7B6AC0C71C7A30040063F667 /* Timestamper.swift in Sources */,
				7BB90D8C1C890A9D007D365E /* WorkoutListViewController.swift in Sources */,
				7BB90D861C890A9D007D365E /* Lift.swift in Sources */,
				7BB90D3A1C7E0E46007D365E /* main.swift in Sources */,
				7BB90DD21C8B2332007D365E /* WorkoutLoadAgent.swift in Sources */,
				7BB90D851C890A9D007D365E /* WorkoutStoryboardMetadata.swift in Sources */,
				7BB90D8D1C890A9D007D365E /* WorkoutViewController.swift in Sources */,
				7BB90D891C890A9D007D365E /* LiftEntryFormViewController.swift in Sources */,
				7BB01A301CB1984000A511FE /* LiftSaveAgent.swift in Sources */,
				7BB01A341CB1B36400A511FE /* LiftLoadAgent.swift in Sources */,
				7BA92C2F1C9F0F6D009A81E3 /* StartupStoryboardMetadata.swift in Sources */,
				7B41503D1C6B9D380032333F /* AppDelegate.swift in Sources */,
			);
			runOnlyForDeploymentPostprocessing = 0;
		};
		7B4150491C6B9D380032333F /* Sources */ = {
			isa = PBXSourcesBuildPhase;
			buildActionMask = 2147483647;
			files = (
				7BB90DB11C890AAA007D365E /* WorkoutListTableViewCellSpec.swift in Sources */,
				7BB90DE01C8B8E50007D365E /* LiftSetDeserializerSpec.swift in Sources */,
				7BB90DB71C890C55007D365E /* WorkoutSerializerSpec.swift in Sources */,
				7BB90DBF1C8950DB007D365E /* LiftSerializerSpec.swift in Sources */,
				7BB90DD81C8B2509007D365E /* WorkoutDeserializerSpec.swift in Sources */,
				7BB01A321CB1986800A511FE /* LiftSaveAgentSpec.swift in Sources */,
				7BB90DAB1C890AAA007D365E /* LiftViewControllerSpec.swift in Sources */,
				7BB90DA51C890AAA007D365E /* WorkoutListStoryboardMetadataSpec.swift in Sources */,
				7BB118A51CAB145D005CC1AF /* LiftCreatorSpec.swift in Sources */,
				7BB01A361CB1B38600A511FE /* LiftLoadAgentSpec.swift in Sources */,
				7BB90DAF1C890AAA007D365E /* LiftSetTableViewCellSpec.swift in Sources */,
				7B6AC0A61C712AAB0063F667 /* AppDelegateSpec.swift in Sources */,
				7BB90DC31C8953EA007D365E /* LiftSetSerializerSpec.swift in Sources */,
				7BB90DAE1C890AAA007D365E /* WorkoutViewControllerSpec.swift in Sources */,
				7BB90DD41C8B2374007D365E /* WorkoutLoadAgentSpec.swift in Sources */,
				7BB90DAA1C890AAA007D365E /* LiftEntryFormViewControllerSpec.swift in Sources */,
				7BB90DE81C908338007D365E /* SetEditFormViewControllerSpec.swift in Sources */,
				7BB01A381CB2BAB100A511FE /* LiftDeleteAgentSpec.swift in Sources */,
				7BB90DA71C890AAA007D365E /* LiftSetSpec.swift in Sources */,
				7B8E7ED81C9E04C3008BF7B0 /* LiftHistoryIndexBuilderSpec.swift in Sources */,
				7B8E7ED61C9E0495008BF7B0 /* MigrationAgentSpec.swift in Sources */,
				7BB90D3C1C7E10BC007D365E /* TestAppDelegate.swift in Sources */,
				7B6AC0AC1C74D5E50063F667 /* TestNavigationController.swift in Sources */,
				7B6AC0CB1C7A30100063F667 /* LocalStorageWorkerSpec.swift in Sources */,
				7BB90DA91C890AAA007D365E /* WorkoutSpec.swift in Sources */,
				7BA92C2D1C9F0F24009A81E3 /* StartupViewControllerSpec.swift in Sources */,
				7BB90DA61C890AAA007D365E /* WorkoutStoryboardMetadataSpec.swift in Sources */,
				7BB90DD01C8B231E007D365E /* WorkoutSaveAgentSpec.swift in Sources */,
				7B6AC0B91C76253F0063F667 /* VisualTreeWalker.swift in Sources */,
				7BB90DA81C890AAA007D365E /* LiftSpec.swift in Sources */,
				7BB90DB01C890AAA007D365E /* WorkoutLiftTableViewCellSpec.swift in Sources */,
				7BB118AA1CAB19F2005CC1AF /* LiftHistoryIndexLoaderSpec.swift in Sources */,
				7BB90DAD1C890AAA007D365E /* WorkoutListViewControllerSpec.swift in Sources */,
				7BB90DE41C8D41D4007D365E /* WorkoutDeleteAgentSpec.swift in Sources */,
				7BA92C311C9F0FCE009A81E3 /* StartupStoryboardMetadataSpec.swift in Sources */,
			);
			runOnlyForDeploymentPostprocessing = 0;
		};
/* End PBXSourcesBuildPhase section */

/* Begin PBXTargetDependency section */
		7B41504F1C6B9D380032333F /* PBXTargetDependency */ = {
			isa = PBXTargetDependency;
			target = 7B4150381C6B9D380032333F /* WorkoutTracker */;
			targetProxy = 7B41504E1C6B9D380032333F /* PBXContainerItemProxy */;
		};
/* End PBXTargetDependency section */

/* Begin PBXVariantGroup section */
		7B4150451C6B9D380032333F /* LaunchScreen.storyboard */ = {
			isa = PBXVariantGroup;
			children = (
				7B4150461C6B9D380032333F /* Base */,
			);
			name = LaunchScreen.storyboard;
			sourceTree = "<group>";
		};
/* End PBXVariantGroup section */

/* Begin XCBuildConfiguration section */
		7B4150551C6B9D380032333F /* Release */ = {
			isa = XCBuildConfiguration;
			buildSettings = {
				ALWAYS_SEARCH_USER_PATHS = NO;
				APP_DELEGATE_NAME = WorkoutTracker.AppDelegate;
				CLANG_CXX_LANGUAGE_STANDARD = "gnu++0x";
				CLANG_CXX_LIBRARY = "libc++";
				CLANG_ENABLE_MODULES = YES;
				CLANG_ENABLE_OBJC_ARC = YES;
				CLANG_WARN_BOOL_CONVERSION = YES;
				CLANG_WARN_CONSTANT_CONVERSION = YES;
				CLANG_WARN_DIRECT_OBJC_ISA_USAGE = YES_ERROR;
				CLANG_WARN_EMPTY_BODY = YES;
				CLANG_WARN_ENUM_CONVERSION = YES;
				CLANG_WARN_INT_CONVERSION = YES;
				CLANG_WARN_OBJC_ROOT_CLASS = YES_ERROR;
				CLANG_WARN_UNREACHABLE_CODE = YES;
				CLANG_WARN__DUPLICATE_METHOD_MATCH = YES;
				"CODE_SIGN_IDENTITY[sdk=iphoneos*]" = "iPhone Developer";
				COPY_PHASE_STRIP = NO;
				DEBUG_INFORMATION_FORMAT = "dwarf-with-dsym";
				ENABLE_NS_ASSERTIONS = NO;
				ENABLE_STRICT_OBJC_MSGSEND = YES;
				GCC_C_LANGUAGE_STANDARD = gnu99;
				GCC_NO_COMMON_BLOCKS = YES;
				GCC_WARN_64_TO_32_BIT_CONVERSION = YES;
				GCC_WARN_ABOUT_RETURN_TYPE = YES_ERROR;
				GCC_WARN_UNDECLARED_SELECTOR = YES;
				GCC_WARN_UNINITIALIZED_AUTOS = YES_AGGRESSIVE;
				GCC_WARN_UNUSED_FUNCTION = YES;
				GCC_WARN_UNUSED_VARIABLE = YES;
				IPHONEOS_DEPLOYMENT_TARGET = 9.2;
				MTL_ENABLE_DEBUG_INFO = NO;
				SDKROOT = iphoneos;
				VALIDATE_PRODUCT = YES;
			};
			name = Release;
		};
		7B4150581C6B9D380032333F /* Release */ = {
			isa = XCBuildConfiguration;
			buildSettings = {
				ASSETCATALOG_COMPILER_APPICON_NAME = AppIcon;
				FRAMEWORK_SEARCH_PATHS = (
					"$(inherited)",
					"$(PROJECT_DIR)/Carthage/Build/iOS",
				);
				INFOPLIST_FILE = WorkoutTracker/Info.plist;
				LD_RUNPATH_SEARCH_PATHS = "$(inherited) @executable_path/Frameworks";
				PRODUCT_BUNDLE_IDENTIFIER = jwfriese.WorkoutTracker;
				PRODUCT_NAME = "$(TARGET_NAME)";
				SWIFT_OPTIMIZATION_LEVEL = "-Onone";
			};
			name = Release;
		};
		7B41505B1C6B9D380032333F /* Release */ = {
			isa = XCBuildConfiguration;
			buildSettings = {
				BUNDLE_LOADER = "$(TEST_HOST)";
				CLANG_ENABLE_MODULES = YES;
				FRAMEWORK_SEARCH_PATHS = (
					"$(inherited)",
					"$(PROJECT_DIR)/Carthage/Build/iOS",
				);
				INFOPLIST_FILE = WorkoutTrackerTests/Info.plist;
				LD_RUNPATH_SEARCH_PATHS = "$(inherited) @executable_path/Frameworks @loader_path/Frameworks";
				PRODUCT_BUNDLE_IDENTIFIER = jwfriese.WorkoutTrackerTests;
				PRODUCT_NAME = "$(TARGET_NAME)";
				TEST_HOST = "$(BUILT_PRODUCTS_DIR)/WorkoutTracker.app/WorkoutTracker";
			};
			name = Release;
		};
		7BB90D3D1C7E128A007D365E /* Test */ = {
			isa = XCBuildConfiguration;
			buildSettings = {
				ALWAYS_SEARCH_USER_PATHS = NO;
				APP_DELEGATE_NAME = WorkoutTrackerTests.TestAppDelegate;
				CLANG_CXX_LANGUAGE_STANDARD = "gnu++0x";
				CLANG_CXX_LIBRARY = "libc++";
				CLANG_ENABLE_MODULES = YES;
				CLANG_ENABLE_OBJC_ARC = YES;
				CLANG_WARN_BOOL_CONVERSION = YES;
				CLANG_WARN_CONSTANT_CONVERSION = YES;
				CLANG_WARN_DIRECT_OBJC_ISA_USAGE = YES_ERROR;
				CLANG_WARN_EMPTY_BODY = YES;
				CLANG_WARN_ENUM_CONVERSION = YES;
				CLANG_WARN_INT_CONVERSION = YES;
				CLANG_WARN_OBJC_ROOT_CLASS = YES_ERROR;
				CLANG_WARN_UNREACHABLE_CODE = YES;
				CLANG_WARN__DUPLICATE_METHOD_MATCH = YES;
				"CODE_SIGN_IDENTITY[sdk=iphoneos*]" = "iPhone Developer";
				COPY_PHASE_STRIP = NO;
				DEBUG_INFORMATION_FORMAT = dwarf;
				ENABLE_STRICT_OBJC_MSGSEND = YES;
				ENABLE_TESTABILITY = YES;
				GCC_C_LANGUAGE_STANDARD = gnu99;
				GCC_DYNAMIC_NO_PIC = NO;
				GCC_NO_COMMON_BLOCKS = YES;
				GCC_OPTIMIZATION_LEVEL = 0;
				GCC_PREPROCESSOR_DEFINITIONS = (
					"DEBUG=1",
					"$(inherited)",
				);
				GCC_WARN_64_TO_32_BIT_CONVERSION = YES;
				GCC_WARN_ABOUT_RETURN_TYPE = YES_ERROR;
				GCC_WARN_UNDECLARED_SELECTOR = YES;
				GCC_WARN_UNINITIALIZED_AUTOS = YES_AGGRESSIVE;
				GCC_WARN_UNUSED_FUNCTION = YES;
				GCC_WARN_UNUSED_VARIABLE = YES;
				IPHONEOS_DEPLOYMENT_TARGET = 9.2;
				MTL_ENABLE_DEBUG_INFO = YES;
				ONLY_ACTIVE_ARCH = YES;
				SDKROOT = iphoneos;
				SWIFT_OPTIMIZATION_LEVEL = "-Onone";
			};
			name = Test;
		};
		7BB90D3E1C7E128A007D365E /* Test */ = {
			isa = XCBuildConfiguration;
			buildSettings = {
				ASSETCATALOG_COMPILER_APPICON_NAME = AppIcon;
				FRAMEWORK_SEARCH_PATHS = (
					"$(inherited)",
					"$(PROJECT_DIR)/Carthage/Build/iOS",
				);
				INFOPLIST_FILE = WorkoutTracker/Info.plist;
				LD_RUNPATH_SEARCH_PATHS = "$(inherited) @executable_path/Frameworks";
				PRODUCT_BUNDLE_IDENTIFIER = jwfriese.WorkoutTracker;
				PRODUCT_NAME = "$(TARGET_NAME)";
			};
			name = Test;
		};
		7BB90D3F1C7E128A007D365E /* Test */ = {
			isa = XCBuildConfiguration;
			buildSettings = {
				BUNDLE_LOADER = "$(TEST_HOST)";
				CLANG_ENABLE_MODULES = YES;
				FRAMEWORK_SEARCH_PATHS = (
					"$(inherited)",
					"$(PROJECT_DIR)/Carthage/Build/iOS",
				);
				INFOPLIST_FILE = WorkoutTrackerTests/Info.plist;
				LD_RUNPATH_SEARCH_PATHS = "$(inherited) @executable_path/Frameworks @loader_path/Frameworks";
				PRODUCT_BUNDLE_IDENTIFIER = jwfriese.WorkoutTrackerTests;
				PRODUCT_NAME = "$(TARGET_NAME)";
				SWIFT_OPTIMIZATION_LEVEL = "-Onone";
				TEST_HOST = "$(BUILT_PRODUCTS_DIR)/WorkoutTracker.app/WorkoutTracker";
			};
			name = Test;
		};
/* End XCBuildConfiguration section */

/* Begin XCConfigurationList section */
		7B4150341C6B9D380032333F /* Build configuration list for PBXProject "WorkoutTracker" */ = {
			isa = XCConfigurationList;
			buildConfigurations = (
				7BB90D3D1C7E128A007D365E /* Test */,
				7B4150551C6B9D380032333F /* Release */,
			);
			defaultConfigurationIsVisible = 0;
			defaultConfigurationName = Release;
		};
		7B4150561C6B9D380032333F /* Build configuration list for PBXNativeTarget "WorkoutTracker" */ = {
			isa = XCConfigurationList;
			buildConfigurations = (
				7BB90D3E1C7E128A007D365E /* Test */,
				7B4150581C6B9D380032333F /* Release */,
			);
			defaultConfigurationIsVisible = 0;
			defaultConfigurationName = Release;
		};
		7B4150591C6B9D380032333F /* Build configuration list for PBXNativeTarget "WorkoutTrackerTests" */ = {
			isa = XCConfigurationList;
			buildConfigurations = (
				7BB90D3F1C7E128A007D365E /* Test */,
				7B41505B1C6B9D380032333F /* Release */,
			);
			defaultConfigurationIsVisible = 0;
			defaultConfigurationName = Release;
		};
/* End XCConfigurationList section */
	};
	rootObject = 7B4150311C6B9D380032333F /* Project object */;
}
